
Microsoft Visual Studio Solution File, Format Version 12.00
# Visual Studio Version 17
VisualStudioVersion = 17.4.33205.214
MinimumVisualStudioVersion = 10.0.40219.1
Project("{FAE04EC0-301F-11D3-BF4B-00C04F79EFBC}") = "BlazorAppViewer6", "BlazorAppViewer6\BlazorAppViewer6.csproj", "{DD4529A5-5B41-43C3-9FD1-15C57565A256}"
EndProject
Global
	GlobalSection(SolutionConfigurationPlatforms) = preSolution
		Debug|Any CPU = Debug|Any CPU
		Release|Any CPU = Release|Any CPU
	EndGlobalSection
	GlobalSection(ProjectConfigurationPlatforms) = postSolution
		{DD4529A5-5B41-43C3-9FD1-15C57565A256}.Debug|Any CPU.ActiveCfg = Debug|Any CPU
		{DD4529A5-5B41-43C3-9FD1-15C57565A256}.Debug|Any CPU.Build.0 = Debug|Any CPU
		{DD4529A5-5B41-43C3-9FD1-15C57565A256}.Release|Any CPU.ActiveCfg = Release|Any CPU
		{DD4529A5-5B41-43C3-9FD1-15C57565A256}.Release|Any CPU.Build.0 = Release|Any CPU
	EndGlobalSection
	GlobalSection(SolutionProperties) = preSolution
		HideSolutionNode = FALSE
	EndGlobalSection
	GlobalSection(ExtensibilityGlobals) = postSolution
		SolutionGuid = {3C6CFB00-04A8-46F8-B857-D3079304BC4C}
	EndGlobalSection
EndGlobal
