
Microsoft Visual Studio Solution File, Format Version 12.00
# Visual Studio Version 17
VisualStudioVersion = 17.4.33213.308
MinimumVisualStudioVersion = 10.0.40219.1
Project("{9A19103F-16F7-4668-BE54-9A1E7A4F7556}") = "ReportViewerWPFCore", "ReportViewerWPFCore.csproj", "{30A213B6-2EB4-40EA-A2BD-C2032FA18899}"
EndProject
Project("{FAE04EC0-301F-11D3-BF4B-00C04F79EFBC}") = "BoldReports.Extensions.BarcodeCRI", "..\BoldReports.Extensions.BarcodeCRI\BoldReports.Extensions.BarcodeCRI.csproj", "{F159F12F-D0D6-49B5-9653-9BC78B0CD7CC}"
EndProject
Global
	GlobalSection(SolutionConfigurationPlatforms) = preSolution
		Debug|Any CPU = Debug|Any CPU
		Debug-xml|Any CPU = Debug-xml|Any CPU
		Release|Any CPU = Release|Any CPU
		Release-xml|Any CPU = Release-xml|Any CPU
	EndGlobalSection
	GlobalSection(ProjectConfigurationPlatforms) = postSolution
		{30A213B6-2EB4-40EA-A2BD-C2032FA18899}.Debug|Any CPU.ActiveCfg = Debug|Any CPU
		{30A213B6-2EB4-40EA-A2BD-C2032FA18899}.Debug|Any CPU.Build.0 = Debug|Any CPU
		{30A213B6-2EB4-40EA-A2BD-C2032FA18899}.Debug-xml|Any CPU.ActiveCfg = Debug|Any CPU
		{30A213B6-2EB4-40EA-A2BD-C2032FA18899}.Debug-xml|Any CPU.Build.0 = Debug|Any CPU
		{30A213B6-2EB4-40EA-A2BD-C2032FA18899}.Release|Any CPU.ActiveCfg = Release|Any CPU
		{30A213B6-2EB4-40EA-A2BD-C2032FA18899}.Release|Any CPU.Build.0 = Release|Any CPU
		{30A213B6-2EB4-40EA-A2BD-C2032FA18899}.Release-xml|Any CPU.ActiveCfg = Release|Any CPU
		{30A213B6-2EB4-40EA-A2BD-C2032FA18899}.Release-xml|Any CPU.Build.0 = Release|Any CPU
		{F159F12F-D0D6-49B5-9653-9BC78B0CD7CC}.Debug|Any CPU.ActiveCfg = Debug|Any CPU
		{F159F12F-D0D6-49B5-9653-9BC78B0CD7CC}.Debug|Any CPU.Build.0 = Debug|Any CPU
		{F159F12F-D0D6-49B5-9653-9BC78B0CD7CC}.Debug-xml|Any CPU.ActiveCfg = Debug|Any CPU
		{F159F12F-D0D6-49B5-9653-9BC78B0CD7CC}.Debug-xml|Any CPU.Build.0 = Debug|Any CPU
		{F159F12F-D0D6-49B5-9653-9BC78B0CD7CC}.Release|Any CPU.ActiveCfg = Release|Any CPU
		{F159F12F-D0D6-49B5-9653-9BC78B0CD7CC}.Release|Any CPU.Build.0 = Release|Any CPU
		{F159F12F-D0D6-49B5-9653-9BC78B0CD7CC}.Release-xml|Any CPU.ActiveCfg = Release|Any CPU
		{F159F12F-D0D6-49B5-9653-9BC78B0CD7CC}.Release-xml|Any CPU.Build.0 = Release|Any CPU
	EndGlobalSection
	GlobalSection(SolutionProperties) = preSolution
		HideSolutionNode = FALSE
	EndGlobalSection
	GlobalSection(ExtensibilityGlobals) = postSolution
		SolutionGuid = {5BBD2ADB-A6A0-442B-9571-DF85B9369909}
	EndGlobalSection
EndGlobal
