
Microsoft Visual Studio Solution File, Format Version 12.00
# Visual Studio Version 17
VisualStudioVersion = 17.4.33213.308
MinimumVisualStudioVersion = 10.0.40219.1
Project("{9A19103F-16F7-4668-BE54-9A1E7A4F7556}") = "ReportViewerWPFCore", "ReportViewerWPFCore.csproj", "{30A213B6-2EB4-40EA-A2BD-C2032FA18899}"
EndProject
Project("{9A19103F-16F7-4668-BE54-9A1E7A4F7556}") = "BoldReports.Data.WebData_Core", "..\BoldReports.DataExtensions.WebData\BoldReports.Data.WebData_Core.csproj", "{2B237915-02A4-4035-A1CD-1751A8A05C67}"
EndProject
Global
	GlobalSection(SolutionConfigurationPlatforms) = preSolution
		Debug|Any CPU = Debug|Any CPU
		Debug-xml|Any CPU = Debug-xml|Any CPU
		Release|Any CPU = Release|Any CPU
		Release-xml|Any CPU = Release-xml|Any CPU
	EndGlobalSection
	GlobalSection(ProjectConfigurationPlatforms) = postSolution
		{30A213B6-2EB4-40EA-A2BD-C2032FA18899}.Debug|Any CPU.ActiveCfg = Debug|Any CPU
		{30A213B6-2EB4-40EA-A2BD-C2032FA18899}.Debug|Any CPU.Build.0 = Debug|Any CPU
		{30A213B6-2EB4-40EA-A2BD-C2032FA18899}.Debug-xml|Any CPU.ActiveCfg = Debug|Any CPU
		{30A213B6-2EB4-40EA-A2BD-C2032FA18899}.Debug-xml|Any CPU.Build.0 = Debug|Any CPU
		{30A213B6-2EB4-40EA-A2BD-C2032FA18899}.Release|Any CPU.ActiveCfg = Release|Any CPU
		{30A213B6-2EB4-40EA-A2BD-C2032FA18899}.Release|Any CPU.Build.0 = Release|Any CPU
		{30A213B6-2EB4-40EA-A2BD-C2032FA18899}.Release-xml|Any CPU.ActiveCfg = Release|Any CPU
		{30A213B6-2EB4-40EA-A2BD-C2032FA18899}.Release-xml|Any CPU.Build.0 = Release|Any CPU
		{2B237915-02A4-4035-A1CD-1751A8A05C67}.Debug|Any CPU.ActiveCfg = Debug|Any CPU
		{2B237915-02A4-4035-A1CD-1751A8A05C67}.Debug|Any CPU.Build.0 = Debug|Any CPU
		{2B237915-02A4-4035-A1CD-1751A8A05C67}.Debug-xml|Any CPU.ActiveCfg = Debug|Any CPU
		{2B237915-02A4-4035-A1CD-1751A8A05C67}.Debug-xml|Any CPU.Build.0 = Debug|Any CPU
		{2B237915-02A4-4035-A1CD-1751A8A05C67}.Release|Any CPU.ActiveCfg = Release|Any CPU
		{2B237915-02A4-4035-A1CD-1751A8A05C67}.Release|Any CPU.Build.0 = Release|Any CPU
		{2B237915-02A4-4035-A1CD-1751A8A05C67}.Release-xml|Any CPU.ActiveCfg = Release|Any CPU
		{2B237915-02A4-4035-A1CD-1751A8A05C67}.Release-xml|Any CPU.Build.0 = Release|Any CPU
	EndGlobalSection
	GlobalSection(SolutionProperties) = preSolution
		HideSolutionNode = FALSE
	EndGlobalSection
	GlobalSection(ExtensibilityGlobals) = postSolution
		SolutionGuid = {5BBD2ADB-A6A0-442B-9571-DF85B9369909}
	EndGlobalSection
EndGlobal
