
Microsoft Visual Studio Solution File, Format Version 12.00
# Visual Studio Version 17
VisualStudioVersion = 17.10.35013.160
MinimumVisualStudioVersion = 10.0.40219.1
Project("{9A19103F-16F7-4668-BE54-9A1E7A4F7556}") = "BoldReports.Extensions.BarcodeCRICore", "BoldReports.Extensions.BarcodeCRICore.csproj", "{52A61682-C512-4608-A74C-79E330F38832}"
EndProject
Global
	GlobalSection(SolutionConfigurationPlatforms) = preSolution
		Debug|Any CPU = Debug|Any CPU
		Release|Any CPU = Release|Any CPU
	EndGlobalSection
	GlobalSection(ProjectConfigurationPlatforms) = postSolution
		{52A61682-C512-4608-A74C-79E330F38832}.Debug|Any CPU.ActiveCfg = Debug|Any CPU
		{52A61682-C512-4608-A74C-79E330F38832}.Debug|Any CPU.Build.0 = Debug|Any CPU
		{52A61682-C512-4608-A74C-79E330F38832}.Release|Any CPU.ActiveCfg = Release|Any CPU
		{52A61682-C512-4608-A74C-79E330F38832}.Release|Any CPU.Build.0 = Release|Any CPU
	EndGlobalSection
	GlobalSection(SolutionProperties) = preSolution
		HideSolutionNode = FALSE
	EndGlobalSection
	GlobalSection(ExtensibilityGlobals) = postSolution
		SolutionGuid = {DCCDABC6-3A41-4EB8-80C5-9CA186C67682}
	EndGlobalSection
EndGlobal
